
Microsoft Visual Studio Solution File, Format Version 12.00
# Visual Studio Version 17
VisualStudioVersion = 17.3.32819.101
MinimumVisualStudioVersion = 10.0.40219.1
Project("{9A19103F-16F7-4668-BE54-9A1E7A4F7556}") = "RCH", "RCH.csproj", "{2436B722-3562-42C5-94AC-7AC8A135A437}"
EndProject
Global
	GlobalSection(SolutionConfigurationPlatforms) = preSolution
		Debug|Any CPU = Debug|Any CPU
		Release|Any CPU = Release|Any CPU
	EndGlobalSection
	GlobalSection(ProjectConfigurationPlatforms) = postSolution
		{2436B722-3562-42C5-94AC-7AC8A135A437}.Debug|Any CPU.ActiveCfg = Debug|Any CPU
		{2436B722-3562-42C5-94AC-7AC8A135A437}.Debug|Any CPU.Build.0 = Debug|Any CPU
		{2436B722-3562-42C5-94AC-7AC8A135A437}.Release|Any CPU.ActiveCfg = Release|Any CPU
		{2436B722-3562-42C5-94AC-7AC8A135A437}.Release|Any CPU.Build.0 = Release|Any CPU
	EndGlobalSection
	GlobalSection(SolutionProperties) = preSolution
		HideSolutionNode = FALSE
	EndGlobalSection
	GlobalSection(ExtensibilityGlobals) = postSolution
		SolutionGuid = {BD9243AA-171C-43F9-962D-F0E79C2B9080}
	EndGlobalSection
EndGlobal
